// !$*UTF8*$!
{
	archiveVersion = 1;
	classes = {
	};
	objectVersion = 51;
	objects = {

/* Begin PBXBuildFile section */
		29A9B738D42591CCF7D07365 /* Pods_CustomStory.framework in Frameworks */ = {isa = PBXBuildFile; fileRef = 7D333AE92A260E26389BD5F2 /* Pods_CustomStory.framework */; };
		3EABE95326856BBB004DBE8E /* Lobster 1.4.otf in Resources */ = {isa = PBXBuildFile; fileRef = 3EABE94926856BBB004DBE8E /* Lobster 1.4.otf */; };
		3EABE95426856BBB004DBE8E /* Lobster-Regular.ttf in Resources */ = {isa = PBXBuildFile; fileRef = 3EABE94A26856BBB004DBE8E /* Lobster-Regular.ttf */; };
		3EABE95526856BBB004DBE8E /* Roboto-Medium.ttf in Resources */ = {isa = PBXBuildFile; fileRef = 3EABE94B26856BBB004DBE8E /* Roboto-Medium.ttf */; };
		3EABE95626856BBB004DBE8E /* Roboto-Regular.ttf in Resources */ = {isa = PBXBuildFile; fileRef = 3EABE94C26856BBB004DBE8E /* Roboto-Regular.ttf */; };
		3EABE95726856BBB004DBE8E /* Uni Sans Heavy Italic.otf in Resources */ = {isa = PBXBuildFile; fileRef = 3EABE94E26856BBB004DBE8E /* Uni Sans Heavy Italic.otf */; };
		3EABE95826856BBB004DBE8E /* Uni Sans Heavy.otf in Resources */ = {isa = PBXBuildFile; fileRef = 3EABE94F26856BBB004DBE8E /* Uni Sans Heavy.otf */; };
		3EABE95926856BBB004DBE8E /* Uni Sans Regular.otf in Resources */ = {isa = PBXBuildFile; fileRef = 3EABE95026856BBB004DBE8E /* Uni Sans Regular.otf */; };
		3EABE95A26856BBB004DBE8E /* Uni Sans Thin Italic.otf in Resources */ = {isa = PBXBuildFile; fileRef = 3EABE95126856BBB004DBE8E /* Uni Sans Thin Italic.otf */; };
		3EABE95B26856BBB004DBE8E /* Uni Sans Thin.otf in Resources */ = {isa = PBXBuildFile; fileRef = 3EABE95226856BBB004DBE8E /* Uni Sans Thin.otf */; };
		3EB0E90C26806EB700461EBC /* Api.swift in Sources */ = {isa = PBXBuildFile; fileRef = 3EB0E90B26806EB700461EBC /* Api.swift */; };
		3EB0E90E26806FFF00461EBC /* Alamofire.framework in Frameworks */ = {isa = PBXBuildFile; fileRef = 3EB0E90D26806FFF00461EBC /* Alamofire.framework */; };
		3EB0E9122680700200461EBC /* ObjectMapper.framework in Frameworks */ = {isa = PBXBuildFile; fileRef = 3EB0E9112680700200461EBC /* ObjectMapper.framework */; };
		3EB0E91C2680752700461EBC /* IGGroupInfo.swift in Sources */ = {isa = PBXBuildFile; fileRef = 3EB0E9162680752700461EBC /* IGGroupInfo.swift */; };
		3EB0E91D2680752700461EBC /* IGInstitute.swift in Sources */ = {isa = PBXBuildFile; fileRef = 3EB0E9172680752700461EBC /* IGInstitute.swift */; };
		3EB0E91E2680752700461EBC /* IGSnap.swift in Sources */ = {isa = PBXBuildFile; fileRef = 3EB0E9182680752700461EBC /* IGSnap.swift */; };
		3EB0E91F2680752700461EBC /* IGStories.swift in Sources */ = {isa = PBXBuildFile; fileRef = 3EB0E9192680752700461EBC /* IGStories.swift */; };
		3EB0E9202680752700461EBC /* IGStory.swift in Sources */ = {isa = PBXBuildFile; fileRef = 3EB0E91A2680752700461EBC /* IGStory.swift */; };
		3EB0E9212680752700461EBC /* IGUser.swift in Sources */ = {isa = PBXBuildFile; fileRef = 3EB0E91B2680752700461EBC /* IGUser.swift */; };
		3EB0E923268076FA00461EBC /* StoryDataModel.swift in Sources */ = {isa = PBXBuildFile; fileRef = 3EB0E922268076FA00461EBC /* StoryDataModel.swift */; };
		3EB0E92526808DDB00461EBC /* Kingfisher.framework in Frameworks */ = {isa = PBXBuildFile; fileRef = 3EB0E92426808DDB00461EBC /* Kingfisher.framework */; };
		DD47979B26739F2C00DA4F3B /* AppDelegate.swift in Sources */ = {isa = PBXBuildFile; fileRef = DD47979A26739F2C00DA4F3B /* AppDelegate.swift */; };
		DD47979D26739F2C00DA4F3B /* SceneDelegate.swift in Sources */ = {isa = PBXBuildFile; fileRef = DD47979C26739F2C00DA4F3B /* SceneDelegate.swift */; };
		DD4797A226739F2C00DA4F3B /* Main.storyboard in Resources */ = {isa = PBXBuildFile; fileRef = DD4797A026739F2C00DA4F3B /* Main.storyboard */; };
		DD4797A526739F2C00DA4F3B /* CustomStory.xcdatamodeld in Sources */ = {isa = PBXBuildFile; fileRef = DD4797A326739F2C00DA4F3B /* CustomStory.xcdatamodeld */; };
		DD4797A726739F2F00DA4F3B /* Assets.xcassets in Resources */ = {isa = PBXBuildFile; fileRef = DD4797A626739F2F00DA4F3B /* Assets.xcassets */; };
		DD4797AA26739F2F00DA4F3B /* LaunchScreen.storyboard in Resources */ = {isa = PBXBuildFile; fileRef = DD4797A826739F2F00DA4F3B /* LaunchScreen.storyboard */; };
		DD4797B626739FAA00DA4F3B /* ActivityStoryView.swift in Sources */ = {isa = PBXBuildFile; fileRef = DD4797B526739FAA00DA4F3B /* ActivityStoryView.swift */; };
		DD4797BA26739FC800DA4F3B /* ActivityStoryView.xib in Resources */ = {isa = PBXBuildFile; fileRef = DD4797B926739FC800DA4F3B /* ActivityStoryView.xib */; };
		DD4797C22673A3E100DA4F3B /* StoryCollectionnViewCell.swift in Sources */ = {isa = PBXBuildFile; fileRef = DD4797C02673A3E100DA4F3B /* StoryCollectionnViewCell.swift */; };
		DD4797C32673A3E100DA4F3B /* StoryCollectionnViewCell.xib in Resources */ = {isa = PBXBuildFile; fileRef = DD4797C12673A3E100DA4F3B /* StoryCollectionnViewCell.xib */; };
		DD4797CC2673C29A00DA4F3B /* HomeViewConntroller.swift in Sources */ = {isa = PBXBuildFile; fileRef = DD4797CB2673C29A00DA4F3B /* HomeViewConntroller.swift */; };
		DD4797D62673D19100DA4F3B /* StoryFullScreenViewer.swift in Sources */ = {isa = PBXBuildFile; fileRef = DD4797D42673D19100DA4F3B /* StoryFullScreenViewer.swift */; };
		DD4797DB2673D2FC00DA4F3B /* StoryView.storyboard in Resources */ = {isa = PBXBuildFile; fileRef = DD4797DA2673D2FC00DA4F3B /* StoryView.storyboard */; };
		DDDB94CC2675075E00A108B8 /* Stories.json in Resources */ = {isa = PBXBuildFile; fileRef = DDDB94CB2675075E00A108B8 /* Stories.json */; };
/* End PBXBuildFile section */

/* Begin PBXFileReference section */
		241C90F00D5985E0130653F5 /* Pods-CustomStory.debug.xcconfig */ = {isa = PBXFileReference; includeInIndex = 1; lastKnownFileType = text.xcconfig; name = "Pods-CustomStory.debug.xcconfig"; path = "Target Support Files/Pods-CustomStory/Pods-CustomStory.debug.xcconfig"; sourceTree = "<group>"; };
		3EABE94926856BBB004DBE8E /* Lobster 1.4.otf */ = {isa = PBXFileReference; lastKnownFileType = file; path = "Lobster 1.4.otf"; sourceTree = "<group>"; };
		3EABE94A26856BBB004DBE8E /* Lobster-Regular.ttf */ = {isa = PBXFileReference; lastKnownFileType = file; path = "Lobster-Regular.ttf"; sourceTree = "<group>"; };
		3EABE94B26856BBB004DBE8E /* Roboto-Medium.ttf */ = {isa = PBXFileReference; lastKnownFileType = file; path = "Roboto-Medium.ttf"; sourceTree = "<group>"; };
		3EABE94C26856BBB004DBE8E /* Roboto-Regular.ttf */ = {isa = PBXFileReference; lastKnownFileType = file; path = "Roboto-Regular.ttf"; sourceTree = "<group>"; };
		3EABE94E26856BBB004DBE8E /* Uni Sans Heavy Italic.otf */ = {isa = PBXFileReference; lastKnownFileType = file; path = "Uni Sans Heavy Italic.otf"; sourceTree = "<group>"; };
		3EABE94F26856BBB004DBE8E /* Uni Sans Heavy.otf */ = {isa = PBXFileReference; lastKnownFileType = file; path = "Uni Sans Heavy.otf"; sourceTree = "<group>"; };
		3EABE95026856BBB004DBE8E /* Uni Sans Regular.otf */ = {isa = PBXFileReference; lastKnownFileType = file; path = "Uni Sans Regular.otf"; sourceTree = "<group>"; };
		3EABE95126856BBB004DBE8E /* Uni Sans Thin Italic.otf */ = {isa = PBXFileReference; lastKnownFileType = file; path = "Uni Sans Thin Italic.otf"; sourceTree = "<group>"; };
		3EABE95226856BBB004DBE8E /* Uni Sans Thin.otf */ = {isa = PBXFileReference; lastKnownFileType = file; path = "Uni Sans Thin.otf"; sourceTree = "<group>"; };
		3EB0E90B26806EB700461EBC /* Api.swift */ = {isa = PBXFileReference; lastKnownFileType = sourcecode.swift; path = Api.swift; sourceTree = "<group>"; };
		3EB0E90D26806FFF00461EBC /* Alamofire.framework */ = {isa = PBXFileReference; explicitFileType = wrapper.framework; path = Alamofire.framework; sourceTree = BUILT_PRODUCTS_DIR; };
		3EB0E9112680700200461EBC /* ObjectMapper.framework */ = {isa = PBXFileReference; explicitFileType = wrapper.framework; path = ObjectMapper.framework; sourceTree = BUILT_PRODUCTS_DIR; };
		3EB0E9162680752700461EBC /* IGGroupInfo.swift */ = {isa = PBXFileReference; fileEncoding = 4; lastKnownFileType = sourcecode.swift; path = IGGroupInfo.swift; sourceTree = "<group>"; };
		3EB0E9172680752700461EBC /* IGInstitute.swift */ = {isa = PBXFileReference; fileEncoding = 4; lastKnownFileType = sourcecode.swift; path = IGInstitute.swift; sourceTree = "<group>"; };
		3EB0E9182680752700461EBC /* IGSnap.swift */ = {isa = PBXFileReference; fileEncoding = 4; lastKnownFileType = sourcecode.swift; path = IGSnap.swift; sourceTree = "<group>"; };
		3EB0E9192680752700461EBC /* IGStories.swift */ = {isa = PBXFileReference; fileEncoding = 4; lastKnownFileType = sourcecode.swift; path = IGStories.swift; sourceTree = "<group>"; };
		3EB0E91A2680752700461EBC /* IGStory.swift */ = {isa = PBXFileReference; fileEncoding = 4; lastKnownFileType = sourcecode.swift; path = IGStory.swift; sourceTree = "<group>"; };
		3EB0E91B2680752700461EBC /* IGUser.swift */ = {isa = PBXFileReference; fileEncoding = 4; lastKnownFileType = sourcecode.swift; path = IGUser.swift; sourceTree = "<group>"; };
		3EB0E922268076FA00461EBC /* StoryDataModel.swift */ = {isa = PBXFileReference; lastKnownFileType = sourcecode.swift; path = StoryDataModel.swift; sourceTree = "<group>"; };
		3EB0E92426808DDB00461EBC /* Kingfisher.framework */ = {isa = PBXFileReference; explicitFileType = wrapper.framework; path = Kingfisher.framework; sourceTree = BUILT_PRODUCTS_DIR; };
		7803B1D3E702845DA0A25123 /* Pods-CustomStory.release.xcconfig */ = {isa = PBXFileReference; includeInIndex = 1; lastKnownFileType = text.xcconfig; name = "Pods-CustomStory.release.xcconfig"; path = "Target Support Files/Pods-CustomStory/Pods-CustomStory.release.xcconfig"; sourceTree = "<group>"; };
		7D333AE92A260E26389BD5F2 /* Pods_CustomStory.framework */ = {isa = PBXFileReference; explicitFileType = wrapper.framework; includeInIndex = 0; path = Pods_CustomStory.framework; sourceTree = BUILT_PRODUCTS_DIR; };
		DD47979726739F2C00DA4F3B /* CustomStory.app */ = {isa = PBXFileReference; explicitFileType = wrapper.application; includeInIndex = 0; path = CustomStory.app; sourceTree = BUILT_PRODUCTS_DIR; };
		DD47979A26739F2C00DA4F3B /* AppDelegate.swift */ = {isa = PBXFileReference; lastKnownFileType = sourcecode.swift; path = AppDelegate.swift; sourceTree = "<group>"; };
		DD47979C26739F2C00DA4F3B /* SceneDelegate.swift */ = {isa = PBXFileReference; lastKnownFileType = sourcecode.swift; path = SceneDelegate.swift; sourceTree = "<group>"; };
		DD4797A126739F2C00DA4F3B /* Base */ = {isa = PBXFileReference; lastKnownFileType = file.storyboard; name = Base; path = Base.lproj/Main.storyboard; sourceTree = "<group>"; };
		DD4797A426739F2C00DA4F3B /* CustomStory.xcdatamodel */ = {isa = PBXFileReference; lastKnownFileType = wrapper.xcdatamodel; path = CustomStory.xcdatamodel; sourceTree = "<group>"; };
		DD4797A626739F2F00DA4F3B /* Assets.xcassets */ = {isa = PBXFileReference; lastKnownFileType = folder.assetcatalog; path = Assets.xcassets; sourceTree = "<group>"; };
		DD4797A926739F2F00DA4F3B /* Base */ = {isa = PBXFileReference; lastKnownFileType = file.storyboard; name = Base; path = Base.lproj/LaunchScreen.storyboard; sourceTree = "<group>"; };
		DD4797AB26739F2F00DA4F3B /* Info.plist */ = {isa = PBXFileReference; lastKnownFileType = text.plist.xml; path = Info.plist; sourceTree = "<group>"; };
		DD4797B526739FAA00DA4F3B /* ActivityStoryView.swift */ = {isa = PBXFileReference; lastKnownFileType = sourcecode.swift; path = ActivityStoryView.swift; sourceTree = "<group>"; };
		DD4797B926739FC800DA4F3B /* ActivityStoryView.xib */ = {isa = PBXFileReference; lastKnownFileType = file.xib; path = ActivityStoryView.xib; sourceTree = "<group>"; };
		DD4797C02673A3E100DA4F3B /* StoryCollectionnViewCell.swift */ = {isa = PBXFileReference; lastKnownFileType = sourcecode.swift; path = StoryCollectionnViewCell.swift; sourceTree = "<group>"; };
		DD4797C12673A3E100DA4F3B /* StoryCollectionnViewCell.xib */ = {isa = PBXFileReference; lastKnownFileType = file.xib; path = StoryCollectionnViewCell.xib; sourceTree = "<group>"; };
		DD4797CB2673C29A00DA4F3B /* HomeViewConntroller.swift */ = {isa = PBXFileReference; fileEncoding = 4; lastKnownFileType = sourcecode.swift; path = HomeViewConntroller.swift; sourceTree = "<group>"; };
		DD4797D42673D19100DA4F3B /* StoryFullScreenViewer.swift */ = {isa = PBXFileReference; lastKnownFileType = sourcecode.swift; path = StoryFullScreenViewer.swift; sourceTree = "<group>"; };
		DD4797DA2673D2FC00DA4F3B /* StoryView.storyboard */ = {isa = PBXFileReference; lastKnownFileType = file.storyboard; path = StoryView.storyboard; sourceTree = "<group>"; };
		DDDB94CB2675075E00A108B8 /* Stories.json */ = {isa = PBXFileReference; fileEncoding = 4; lastKnownFileType = text.json; path = Stories.json; sourceTree = "<group>"; };
/* End PBXFileReference section */

/* Begin PBXFrameworksBuildPhase section */
		DD47979426739F2C00DA4F3B /* Frameworks */ = {
			isa = PBXFrameworksBuildPhase;
			buildActionMask = 2147483647;
			files = (
				3EB0E9122680700200461EBC /* ObjectMapper.framework in Frameworks */,
				29A9B738D42591CCF7D07365 /* Pods_CustomStory.framework in Frameworks */,
				3EB0E92526808DDB00461EBC /* Kingfisher.framework in Frameworks */,
				3EB0E90E26806FFF00461EBC /* Alamofire.framework in Frameworks */,
			);
			runOnlyForDeploymentPostprocessing = 0;
		};
/* End PBXFrameworksBuildPhase section */

/* Begin PBXGroup section */
		109FF1B008B90A55BE6569D8 /* Pods */ = {
			isa = PBXGroup;
			children = (
				241C90F00D5985E0130653F5 /* Pods-CustomStory.debug.xcconfig */,
				7803B1D3E702845DA0A25123 /* Pods-CustomStory.release.xcconfig */,
			);
			path = Pods;
			sourceTree = "<group>";
		};
		3EABE94826856BBB004DBE8E /* Fonts */ = {
			isa = PBXGroup;
			children = (
				3EABE94926856BBB004DBE8E /* Lobster 1.4.otf */,
				3EABE94A26856BBB004DBE8E /* Lobster-Regular.ttf */,
				3EABE94B26856BBB004DBE8E /* Roboto-Medium.ttf */,
				3EABE94C26856BBB004DBE8E /* Roboto-Regular.ttf */,
				3EABE94D26856BBB004DBE8E /* Uni-Sans */,
			);
			path = Fonts;
			sourceTree = "<group>";
		};
		3EABE94D26856BBB004DBE8E /* Uni-Sans */ = {
			isa = PBXGroup;
			children = (
				3EABE94E26856BBB004DBE8E /* Uni Sans Heavy Italic.otf */,
				3EABE94F26856BBB004DBE8E /* Uni Sans Heavy.otf */,
				3EABE95026856BBB004DBE8E /* Uni Sans Regular.otf */,
				3EABE95126856BBB004DBE8E /* Uni Sans Thin Italic.otf */,
				3EABE95226856BBB004DBE8E /* Uni Sans Thin.otf */,
			);
			path = "Uni-Sans";
			sourceTree = "<group>";
		};
		3EB0E9152680752700461EBC /* Models */ = {
			isa = PBXGroup;
			children = (
				3EB0E9162680752700461EBC /* IGGroupInfo.swift */,
				3EB0E9172680752700461EBC /* IGInstitute.swift */,
				3EB0E9182680752700461EBC /* IGSnap.swift */,
				3EB0E9192680752700461EBC /* IGStories.swift */,
				3EB0E91A2680752700461EBC /* IGStory.swift */,
				3EB0E91B2680752700461EBC /* IGUser.swift */,
			);
			name = Models;
			path = "../../../../Beyond/tapsocial-ios/TAPSocial/StoriesModule/Source/Models";
			sourceTree = "<group>";
		};
		646389202BAB66526DCC1136 /* Frameworks */ = {
			isa = PBXGroup;
			children = (
				3EB0E92426808DDB00461EBC /* Kingfisher.framework */,
				3EB0E9112680700200461EBC /* ObjectMapper.framework */,
				3EB0E90D26806FFF00461EBC /* Alamofire.framework */,
				7D333AE92A260E26389BD5F2 /* Pods_CustomStory.framework */,
			);
			name = Frameworks;
			sourceTree = "<group>";
		};
		DD47978E26739F2C00DA4F3B = {
			isa = PBXGroup;
			children = (
				DD47979926739F2C00DA4F3B /* CustomStory */,
				DD47979826739F2C00DA4F3B /* Products */,
				109FF1B008B90A55BE6569D8 /* Pods */,
				646389202BAB66526DCC1136 /* Frameworks */,
			);
			sourceTree = "<group>";
		};
		DD47979826739F2C00DA4F3B /* Products */ = {
			isa = PBXGroup;
			children = (
				DD47979726739F2C00DA4F3B /* CustomStory.app */,
			);
			name = Products;
			sourceTree = "<group>";
		};
		DD47979926739F2C00DA4F3B /* CustomStory */ = {
			isa = PBXGroup;
			children = (
				DD4797B226739F3B00DA4F3B /* Controller */,
				DDDB94C8267500B200A108B8 /* Resources */,
				DD5C5F1B2674F239006F16C0 /* ActivityStoryView */,
				DD47979A26739F2C00DA4F3B /* AppDelegate.swift */,
				DD47979C26739F2C00DA4F3B /* SceneDelegate.swift */,
				DD4797A626739F2F00DA4F3B /* Assets.xcassets */,
				DD4797A826739F2F00DA4F3B /* LaunchScreen.storyboard */,
				DD4797AB26739F2F00DA4F3B /* Info.plist */,
				DD4797A326739F2C00DA4F3B /* CustomStory.xcdatamodeld */,
			);
			path = CustomStory;
			sourceTree = "<group>";
		};
		DD4797B226739F3B00DA4F3B /* Controller */ = {
			isa = PBXGroup;
			children = (
				DD4797A026739F2C00DA4F3B /* Main.storyboard */,
				DD4797CB2673C29A00DA4F3B /* HomeViewConntroller.swift */,
			);
			path = Controller;
			sourceTree = "<group>";
		};
		DD4797B326739F4100DA4F3B /* View */ = {
			isa = PBXGroup;
			children = (
				DD4797BF2673A3BE00DA4F3B /* Cell */,
				DD4797B526739FAA00DA4F3B /* ActivityStoryView.swift */,
				DD4797B926739FC800DA4F3B /* ActivityStoryView.xib */,
			);
			path = View;
			sourceTree = "<group>";
		};
		DD4797BD2673A34B00DA4F3B /* Storyboards */ = {
			isa = PBXGroup;
			children = (
				DD4797DA2673D2FC00DA4F3B /* StoryView.storyboard */,
				DD4797D42673D19100DA4F3B /* StoryFullScreenViewer.swift */,
			);
			path = Storyboards;
			sourceTree = "<group>";
		};
		DD4797BF2673A3BE00DA4F3B /* Cell */ = {
			isa = PBXGroup;
			children = (
				DD4797C02673A3E100DA4F3B /* StoryCollectionnViewCell.swift */,
				DD4797C12673A3E100DA4F3B /* StoryCollectionnViewCell.xib */,
			);
			path = Cell;
			sourceTree = "<group>";
		};
		DD5C5F1B2674F239006F16C0 /* ActivityStoryView */ = {
			isa = PBXGroup;
			children = (
				3EB0E922268076FA00461EBC /* StoryDataModel.swift */,
				DD4797BD2673A34B00DA4F3B /* Storyboards */,
				DD4797B326739F4100DA4F3B /* View */,
			);
			path = ActivityStoryView;
			sourceTree = "<group>";
		};
		DDDB94C8267500B200A108B8 /* Resources */ = {
			isa = PBXGroup;
			children = (
				3EABE94826856BBB004DBE8E /* Fonts */,
				3EB0E9152680752700461EBC /* Models */,
				DDDB94CB2675075E00A108B8 /* Stories.json */,
				3EB0E90B26806EB700461EBC /* Api.swift */,
			);
			path = Resources;
			sourceTree = "<group>";
		};
/* End PBXGroup section */

/* Begin PBXNativeTarget section */
		DD47979626739F2C00DA4F3B /* CustomStory */ = {
			isa = PBXNativeTarget;
			buildConfigurationList = DD4797AE26739F2F00DA4F3B /* Build configuration list for PBXNativeTarget "CustomStory" */;
			buildPhases = (
				E2F3BA44491748775EEA18FA /* [CP] Check Pods Manifest.lock */,
				DD47979326739F2C00DA4F3B /* Sources */,
				DD47979426739F2C00DA4F3B /* Frameworks */,
				DD47979526739F2C00DA4F3B /* Resources */,
				1741A47B7FB93C2C117693E3 /* [CP] Embed Pods Frameworks */,
			);
			buildRules = (
			);
			dependencies = (
			);
			name = CustomStory;
			productName = CustomStory;
			productReference = DD47979726739F2C00DA4F3B /* CustomStory.app */;
			productType = "com.apple.product-type.application";
		};
/* End PBXNativeTarget section */

/* Begin PBXProject section */
		DD47978F26739F2C00DA4F3B /* Project object */ = {
			isa = PBXProject;
			attributes = {
				LastSwiftUpdateCheck = 1220;
				LastUpgradeCheck = 1220;
				TargetAttributes = {
					DD47979626739F2C00DA4F3B = {
						CreatedOnToolsVersion = 12.2;
					};
				};
			};
			buildConfigurationList = DD47979226739F2C00DA4F3B /* Build configuration list for PBXProject "CustomStory" */;
			compatibilityVersion = "Xcode 9.3";
			developmentRegion = en;
			hasScannedForEncodings = 0;
			knownRegions = (
				en,
				Base,
			);
			mainGroup = DD47978E26739F2C00DA4F3B;
			productRefGroup = DD47979826739F2C00DA4F3B /* Products */;
			projectDirPath = "";
			projectRoot = "";
			targets = (
				DD47979626739F2C00DA4F3B /* CustomStory */,
			);
		};
/* End PBXProject section */

/* Begin PBXResourcesBuildPhase section */
		DD47979526739F2C00DA4F3B /* Resources */ = {
			isa = PBXResourcesBuildPhase;
			buildActionMask = 2147483647;
			files = (
				3EABE95526856BBB004DBE8E /* Roboto-Medium.ttf in Resources */,
				3EABE95626856BBB004DBE8E /* Roboto-Regular.ttf in Resources */,
				DD4797AA26739F2F00DA4F3B /* LaunchScreen.storyboard in Resources */,
				DD4797A726739F2F00DA4F3B /* Assets.xcassets in Resources */,
				3EABE95726856BBB004DBE8E /* Uni Sans Heavy Italic.otf in Resources */,
				DD4797BA26739FC800DA4F3B /* ActivityStoryView.xib in Resources */,
				DD4797DB2673D2FC00DA4F3B /* StoryView.storyboard in Resources */,
				3EABE95326856BBB004DBE8E /* Lobster 1.4.otf in Resources */,
				3EABE95826856BBB004DBE8E /* Uni Sans Heavy.otf in Resources */,
				DDDB94CC2675075E00A108B8 /* Stories.json in Resources */,
				DD4797C32673A3E100DA4F3B /* StoryCollectionnViewCell.xib in Resources */,
				3EABE95A26856BBB004DBE8E /* Uni Sans Thin Italic.otf in Resources */,
				3EABE95B26856BBB004DBE8E /* Uni Sans Thin.otf in Resources */,
				3EABE95426856BBB004DBE8E /* Lobster-Regular.ttf in Resources */,
				3EABE95926856BBB004DBE8E /* Uni Sans Regular.otf in Resources */,
				DD4797A226739F2C00DA4F3B /* Main.storyboard in Resources */,
			);
			runOnlyForDeploymentPostprocessing = 0;
		};
/* End PBXResourcesBuildPhase section */

/* Begin PBXShellScriptBuildPhase section */
		1741A47B7FB93C2C117693E3 /* [CP] Embed Pods Frameworks */ = {
			isa = PBXShellScriptBuildPhase;
			buildActionMask = 2147483647;
			files = (
			);
			inputFileListPaths = (
				"${PODS_ROOT}/Target Support Files/Pods-CustomStory/Pods-CustomStory-frameworks-${CONFIGURATION}-input-files.xcfilelist",
			);
			name = "[CP] Embed Pods Frameworks";
			outputFileListPaths = (
				"${PODS_ROOT}/Target Support Files/Pods-CustomStory/Pods-CustomStory-frameworks-${CONFIGURATION}-output-files.xcfilelist",
			);
			runOnlyForDeploymentPostprocessing = 0;
			shellPath = /bin/sh;
			shellScript = "\"${PODS_ROOT}/Target Support Files/Pods-CustomStory/Pods-CustomStory-frameworks.sh\"\n";
			showEnvVarsInLog = 0;
		};
		E2F3BA44491748775EEA18FA /* [CP] Check Pods Manifest.lock */ = {
			isa = PBXShellScriptBuildPhase;
			buildActionMask = 2147483647;
			files = (
			);
			inputFileListPaths = (
			);
			inputPaths = (
				"${PODS_PODFILE_DIR_PATH}/Podfile.lock",
				"${PODS_ROOT}/Manifest.lock",
			);
			name = "[CP] Check Pods Manifest.lock";
			outputFileListPaths = (
			);
			outputPaths = (
				"$(DERIVED_FILE_DIR)/Pods-CustomStory-checkManifestLockResult.txt",
			);
			runOnlyForDeploymentPostprocessing = 0;
			shellPath = /bin/sh;
			shellScript = "diff \"${PODS_PODFILE_DIR_PATH}/Podfile.lock\" \"${PODS_ROOT}/Manifest.lock\" > /dev/null\nif [ $? != 0 ] ; then\n    # print error to STDERR\n    echo \"error: The sandbox is not in sync with the Podfile.lock. Run 'pod install' or update your CocoaPods installation.\" >&2\n    exit 1\nfi\n# This output is used by Xcode 'outputs' to avoid re-running this script phase.\necho \"SUCCESS\" > \"${SCRIPT_OUTPUT_FILE_0}\"\n";
			showEnvVarsInLog = 0;
		};
/* End PBXShellScriptBuildPhase section */

/* Begin PBXSourcesBuildPhase section */
		DD47979326739F2C00DA4F3B /* Sources */ = {
			isa = PBXSourcesBuildPhase;
			buildActionMask = 2147483647;
			files = (
				DD4797CC2673C29A00DA4F3B /* HomeViewConntroller.swift in Sources */,
				3EB0E91D2680752700461EBC /* IGInstitute.swift in Sources */,
				3EB0E9202680752700461EBC /* IGStory.swift in Sources */,
				DD4797B626739FAA00DA4F3B /* ActivityStoryView.swift in Sources */,
				DD4797C22673A3E100DA4F3B /* StoryCollectionnViewCell.swift in Sources */,
				DD4797D62673D19100DA4F3B /* StoryFullScreenViewer.swift in Sources */,
				3EB0E9212680752700461EBC /* IGUser.swift in Sources */,
				DD4797A526739F2C00DA4F3B /* CustomStory.xcdatamodeld in Sources */,
				DD47979B26739F2C00DA4F3B /* AppDelegate.swift in Sources */,
				3EB0E90C26806EB700461EBC /* Api.swift in Sources */,
				DD47979D26739F2C00DA4F3B /* SceneDelegate.swift in Sources */,
				3EB0E91C2680752700461EBC /* IGGroupInfo.swift in Sources */,
				3EB0E91E2680752700461EBC /* IGSnap.swift in Sources */,
				3EB0E91F2680752700461EBC /* IGStories.swift in Sources */,
				3EB0E923268076FA00461EBC /* StoryDataModel.swift in Sources */,
			);
			runOnlyForDeploymentPostprocessing = 0;
		};
/* End PBXSourcesBuildPhase section */

/* Begin PBXVariantGroup section */
		DD4797A026739F2C00DA4F3B /* Main.storyboard */ = {
			isa = PBXVariantGroup;
			children = (
				DD4797A126739F2C00DA4F3B /* Base */,
			);
			name = Main.storyboard;
			sourceTree = "<group>";
		};
		DD4797A826739F2F00DA4F3B /* LaunchScreen.storyboard */ = {
			isa = PBXVariantGroup;
			children = (
				DD4797A926739F2F00DA4F3B /* Base */,
			);
			name = LaunchScreen.storyboard;
			sourceTree = "<group>";
		};
/* End PBXVariantGroup section */

/* Begin XCBuildConfiguration section */
		DD4797AC26739F2F00DA4F3B /* Debug */ = {
			isa = XCBuildConfiguration;
			buildSettings = {
				ALWAYS_SEARCH_USER_PATHS = NO;
				CLANG_ANALYZER_NONNULL = YES;
				CLANG_ANALYZER_NUMBER_OBJECT_CONVERSION = YES_AGGRESSIVE;
				CLANG_CXX_LANGUAGE_STANDARD = "gnu++14";
				CLANG_CXX_LIBRARY = "libc++";
				CLANG_ENABLE_MODULES = YES;
				CLANG_ENABLE_OBJC_ARC = YES;
				CLANG_ENABLE_OBJC_WEAK = YES;
				CLANG_WARN_BLOCK_CAPTURE_AUTORELEASING = YES;
				CLANG_WARN_BOOL_CONVERSION = YES;
				CLANG_WARN_COMMA = YES;
				CLANG_WARN_CONSTANT_CONVERSION = YES;
				CLANG_WARN_DEPRECATED_OBJC_IMPLEMENTATIONS = YES;
				CLANG_WARN_DIRECT_OBJC_ISA_USAGE = YES_ERROR;
				CLANG_WARN_DOCUMENTATION_COMMENTS = YES;
				CLANG_WARN_EMPTY_BODY = YES;
				CLANG_WARN_ENUM_CONVERSION = YES;
				CLANG_WARN_INFINITE_RECURSION = YES;
				CLANG_WARN_INT_CONVERSION = YES;
				CLANG_WARN_NON_LITERAL_NULL_CONVERSION = YES;
				CLANG_WARN_OBJC_IMPLICIT_RETAIN_SELF = YES;
				CLANG_WARN_OBJC_LITERAL_CONVERSION = YES;
				CLANG_WARN_OBJC_ROOT_CLASS = YES_ERROR;
				CLANG_WARN_QUOTED_INCLUDE_IN_FRAMEWORK_HEADER = YES;
				CLANG_WARN_RANGE_LOOP_ANALYSIS = YES;
				CLANG_WARN_STRICT_PROTOTYPES = YES;
				CLANG_WARN_SUSPICIOUS_MOVE = YES;
				CLANG_WARN_UNGUARDED_AVAILABILITY = YES_AGGRESSIVE;
				CLANG_WARN_UNREACHABLE_CODE = YES;
				CLANG_WARN__DUPLICATE_METHOD_MATCH = YES;
				COPY_PHASE_STRIP = NO;
				DEBUG_INFORMATION_FORMAT = dwarf;
				ENABLE_STRICT_OBJC_MSGSEND = YES;
				ENABLE_TESTABILITY = YES;
				GCC_C_LANGUAGE_STANDARD = gnu11;
				GCC_DYNAMIC_NO_PIC = NO;
				GCC_NO_COMMON_BLOCKS = YES;
				GCC_OPTIMIZATION_LEVEL = 0;
				GCC_PREPROCESSOR_DEFINITIONS = (
					"DEBUG=1",
					"$(inherited)",
				);
				GCC_WARN_64_TO_32_BIT_CONVERSION = YES;
				GCC_WARN_ABOUT_RETURN_TYPE = YES_ERROR;
				GCC_WARN_UNDECLARED_SELECTOR = YES;
				GCC_WARN_UNINITIALIZED_AUTOS = YES_AGGRESSIVE;
				GCC_WARN_UNUSED_FUNCTION = YES;
				GCC_WARN_UNUSED_VARIABLE = YES;
				IPHONEOS_DEPLOYMENT_TARGET = 14.2;
				MTL_ENABLE_DEBUG_INFO = INCLUDE_SOURCE;
				MTL_FAST_MATH = YES;
				ONLY_ACTIVE_ARCH = YES;
				SDKROOT = iphoneos;
				SWIFT_ACTIVE_COMPILATION_CONDITIONS = DEBUG;
				SWIFT_OPTIMIZATION_LEVEL = "-Onone";
			};
			name = Debug;
		};
		DD4797AD26739F2F00DA4F3B /* Release */ = {
			isa = XCBuildConfiguration;
			buildSettings = {
				ALWAYS_SEARCH_USER_PATHS = NO;
				CLANG_ANALYZER_NONNULL = YES;
				CLANG_ANALYZER_NUMBER_OBJECT_CONVERSION = YES_AGGRESSIVE;
				CLANG_CXX_LANGUAGE_STANDARD = "gnu++14";
				CLANG_CXX_LIBRARY = "libc++";
				CLANG_ENABLE_MODULES = YES;
				CLANG_ENABLE_OBJC_ARC = YES;
				CLANG_ENABLE_OBJC_WEAK = YES;
				CLANG_WARN_BLOCK_CAPTURE_AUTORELEASING = YES;
				CLANG_WARN_BOOL_CONVERSION = YES;
				CLANG_WARN_COMMA = YES;
				CLANG_WARN_CONSTANT_CONVERSION = YES;
				CLANG_WARN_DEPRECATED_OBJC_IMPLEMENTATIONS = YES;
				CLANG_WARN_DIRECT_OBJC_ISA_USAGE = YES_ERROR;
				CLANG_WARN_DOCUMENTATION_COMMENTS = YES;
				CLANG_WARN_EMPTY_BODY = YES;
				CLANG_WARN_ENUM_CONVERSION = YES;
				CLANG_WARN_INFINITE_RECURSION = YES;
				CLANG_WARN_INT_CONVERSION = YES;
				CLANG_WARN_NON_LITERAL_NULL_CONVERSION = YES;
				CLANG_WARN_OBJC_IMPLICIT_RETAIN_SELF = YES;
				CLANG_WARN_OBJC_LITERAL_CONVERSION = YES;
				CLANG_WARN_OBJC_ROOT_CLASS = YES_ERROR;
				CLANG_WARN_QUOTED_INCLUDE_IN_FRAMEWORK_HEADER = YES;
				CLANG_WARN_RANGE_LOOP_ANALYSIS = YES;
				CLANG_WARN_STRICT_PROTOTYPES = YES;
				CLANG_WARN_SUSPICIOUS_MOVE = YES;
				CLANG_WARN_UNGUARDED_AVAILABILITY = YES_AGGRESSIVE;
				CLANG_WARN_UNREACHABLE_CODE = YES;
				CLANG_WARN__DUPLICATE_METHOD_MATCH = YES;
				COPY_PHASE_STRIP = NO;
				DEBUG_INFORMATION_FORMAT = "dwarf-with-dsym";
				ENABLE_NS_ASSERTIONS = NO;
				ENABLE_STRICT_OBJC_MSGSEND = YES;
				GCC_C_LANGUAGE_STANDARD = gnu11;
				GCC_NO_COMMON_BLOCKS = YES;
				GCC_WARN_64_TO_32_BIT_CONVERSION = YES;
				GCC_WARN_ABOUT_RETURN_TYPE = YES_ERROR;
				GCC_WARN_UNDECLARED_SELECTOR = YES;
				GCC_WARN_UNINITIALIZED_AUTOS = YES_AGGRESSIVE;
				GCC_WARN_UNUSED_FUNCTION = YES;
				GCC_WARN_UNUSED_VARIABLE = YES;
				IPHONEOS_DEPLOYMENT_TARGET = 14.2;
				MTL_ENABLE_DEBUG_INFO = NO;
				MTL_FAST_MATH = YES;
				SDKROOT = iphoneos;
				SWIFT_COMPILATION_MODE = wholemodule;
				SWIFT_OPTIMIZATION_LEVEL = "-O";
				VALIDATE_PRODUCT = YES;
			};
			name = Release;
		};
		DD4797AF26739F2F00DA4F3B /* Debug */ = {
			isa = XCBuildConfiguration;
			baseConfigurationReference = 241C90F00D5985E0130653F5 /* Pods-CustomStory.debug.xcconfig */;
			buildSettings = {
				ASSETCATALOG_COMPILER_APPICON_NAME = AppIcon;
				ASSETCATALOG_COMPILER_GLOBAL_ACCENT_COLOR_NAME = AccentColor;
				CODE_SIGN_STYLE = Automatic;
				DEVELOPMENT_TEAM = 2QG28FK6YK;
				INFOPLIST_FILE = CustomStory/Info.plist;
				LD_RUNPATH_SEARCH_PATHS = (
					"$(inherited)",
					"@executable_path/Frameworks",
				);
				PRODUCT_BUNDLE_IDENTIFIER = com.arifamzad.CustomStory;
				PRODUCT_NAME = "$(TARGET_NAME)";
				SWIFT_VERSION = 5.0;
				TARGETED_DEVICE_FAMILY = "1,2";
			};
			name = Debug;
		};
		DD4797B026739F2F00DA4F3B /* Release */ = {
			isa = XCBuildConfiguration;
			baseConfigurationReference = 7803B1D3E702845DA0A25123 /* Pods-CustomStory.release.xcconfig */;
			buildSettings = {
				ASSETCATALOG_COMPILER_APPICON_NAME = AppIcon;
				ASSETCATALOG_COMPILER_GLOBAL_ACCENT_COLOR_NAME = AccentColor;
				CODE_SIGN_STYLE = Automatic;
				DEVELOPMENT_TEAM = 2QG28FK6YK;
				INFOPLIST_FILE = CustomStory/Info.plist;
				LD_RUNPATH_SEARCH_PATHS = (
					"$(inherited)",
					"@executable_path/Frameworks",
				);
				PRODUCT_BUNDLE_IDENTIFIER = com.arifamzad.CustomStory;
				PRODUCT_NAME = "$(TARGET_NAME)";
				SWIFT_VERSION = 5.0;
				TARGETED_DEVICE_FAMILY = "1,2";
			};
			name = Release;
		};
/* End XCBuildConfiguration section */

/* Begin XCConfigurationList section */
		DD47979226739F2C00DA4F3B /* Build configuration list for PBXProject "CustomStory" */ = {
			isa = XCConfigurationList;
			buildConfigurations = (
				DD4797AC26739F2F00DA4F3B /* Debug */,
				DD4797AD26739F2F00DA4F3B /* Release */,
			);
			defaultConfigurationIsVisible = 0;
			defaultConfigurationName = Release;
		};
		DD4797AE26739F2F00DA4F3B /* Build configuration list for PBXNativeTarget "CustomStory" */ = {
			isa = XCConfigurationList;
			buildConfigurations = (
				DD4797AF26739F2F00DA4F3B /* Debug */,
				DD4797B026739F2F00DA4F3B /* Release */,
			);
			defaultConfigurationIsVisible = 0;
			defaultConfigurationName = Release;
		};
/* End XCConfigurationList section */

/* Begin XCVersionGroup section */
		DD4797A326739F2C00DA4F3B /* CustomStory.xcdatamodeld */ = {
			isa = XCVersionGroup;
			children = (
				DD4797A426739F2C00DA4F3B /* CustomStory.xcdatamodel */,
			);
			currentVersion = DD4797A426739F2C00DA4F3B /* CustomStory.xcdatamodel */;
			path = CustomStory.xcdatamodeld;
			sourceTree = "<group>";
			versionGroupType = wrapper.xcdatamodel;
		};
/* End XCVersionGroup section */
	};
	rootObject = DD47978F26739F2C00DA4F3B /* Project object */;
}
